{
	"name": "vn-cms",
	"version": "1.0.0",
	"lockfileVersion": 1,
	"requires": true,
	"dependencies": {
		"ansi-regex": {
			"version": "2.1.1",
			"resolved": "https://registry.npmjs.org/ansi-regex/-/ansi-regex-2.1.1.tgz",
			"integrity": "sha1-w7M6te42DYbg5ijwRorn7yfWVN8=",
			"dev": true
		},
		"ansi-styles": {
			"version": "2.2.1",
			"resolved": "https://registry.npmjs.org/ansi-styles/-/ansi-styles-2.2.1.tgz",
			"integrity": "sha1-tDLdM1i2NM914eRmQ2gkBTPB3b4=",
			"dev": true
		},
		"async": {
			"version": "2.6.3",
			"resolved": "https://registry.npmjs.org/async/-/async-2.6.3.tgz",
			"integrity": "sha512-zflvls11DCy+dQWzTW2dzuilv8Z5X/pjfmZOWba6TNIVDm+2UDaJmXSOXlasHKfNBs8oo3M0aT50fDEWfKZjXg==",
			"dev": true,
			"requires": {
				"lodash": "^4.17.14"
			}
		},
		"balanced-match": {
			"version": "1.0.0",
			"resolved": "https://registry.npmjs.org/balanced-match/-/balanced-match-1.0.0.tgz",
			"integrity": "sha1-ibTRmasr7kneFk6gK4nORi1xt2c=",
			"dev": true
		},
		"big.js": {
			"version": "5.2.2",
			"resolved": "https://registry.npmjs.org/big.js/-/big.js-5.2.2.tgz",
			"integrity": "sha512-vyL2OymJxmarO8gxMr0mhChsO9QGwhynfuu4+MHTAW6czfq9humCB7rKpUjDd9YUiDPU4mzpyupFSvOClAwbmQ==",
			"dev": true
		},
		"brace-expansion": {
			"version": "1.1.11",
			"resolved": "https://registry.npmjs.org/brace-expansion/-/brace-expansion-1.1.11.tgz",
			"integrity": "sha512-iCuPHDFgrHX7H2vEI/5xpz07zSHB00TpugqhmYtVmMO6518mCuRMoOYFldEBl0g187ufozdaHgWKcYFb61qGiA==",
			"dev": true,
			"requires": {
				"balanced-match": "^1.0.0",
				"concat-map": "0.0.1"
			}
		},
		"camelcase": {
			"version": "5.3.1",
			"resolved": "https://registry.npmjs.org/camelcase/-/camelcase-5.3.1.tgz",
			"integrity": "sha512-L28STB170nwWS63UjtlEOE3dldQApaJXZkOI1uMFfzf3rRuPegHaHesyee+YxQ+W6SvRDQV6UrdOdRiR153wJg=="
		},
		"chalk": {
			"version": "1.1.3",
			"resolved": "https://registry.npmjs.org/chalk/-/chalk-1.1.3.tgz",
			"integrity": "sha1-qBFcVeSnAv5NFQq9OHKCKn4J/Jg=",
			"dev": true,
			"requires": {
				"ansi-styles": "^2.2.1",
				"escape-string-regexp": "^1.0.2",
				"has-ansi": "^2.0.0",
				"strip-ansi": "^3.0.0",
				"supports-color": "^2.0.0"
			}
		},
		"concat-map": {
			"version": "0.0.1",
			"resolved": "https://registry.npmjs.org/concat-map/-/concat-map-0.0.1.tgz",
			"integrity": "sha1-2Klr13/Wjfd5OnMDajug1UBdR3s=",
			"dev": true
		},
		"decamelize": {
			"version": "1.2.0",
			"resolved": "https://registry.npmjs.org/decamelize/-/decamelize-1.2.0.tgz",
			"integrity": "sha1-9lNNFRSCabIDUue+4m9QH5oZEpA="
		},
		"emojis-list": {
			"version": "3.0.0",
			"resolved": "https://registry.npmjs.org/emojis-list/-/emojis-list-3.0.0.tgz",
			"integrity": "sha512-/kyM18EfinwXZbno9FyUGeFh87KC8HRQBQGildHZbEuRyWFOmv1U10o9BBp8XVZDVNNuQKyIGIu5ZYAAXJ0V2Q==",
			"dev": true
		},
		"escape-string-regexp": {
			"version": "1.0.5",
			"resolved": "https://registry.npmjs.org/escape-string-regexp/-/escape-string-regexp-1.0.5.tgz",
			"integrity": "sha1-G2HAViGQqN/2rjuyzwIAyhMLhtQ=",
			"dev": true
		},
		"fs.realpath": {
			"version": "1.0.0",
			"resolved": "https://registry.npmjs.org/fs.realpath/-/fs.realpath-1.0.0.tgz",
			"integrity": "sha1-FQStJSMVjKpA20onh8sBQRmU6k8=",
			"dev": true
		},
		"glob": {
			"version": "7.1.6",
			"resolved": "https://registry.npmjs.org/glob/-/glob-7.1.6.tgz",
			"integrity": "sha512-LwaxwyZ72Lk7vZINtNNrywX0ZuLyStrdDtabefZKAY5ZGJhVtgdznluResxNmPitE0SAO+O26sWTHeKSI2wMBA==",
			"dev": true,
			"requires": {
				"fs.realpath": "^1.0.0",
				"inflight": "^1.0.4",
				"inherits": "2",
				"minimatch": "^3.0.4",
				"once": "^1.3.0",
				"path-is-absolute": "^1.0.0"
			}
		},
		"has-ansi": {
			"version": "2.0.0",
			"resolved": "https://registry.npmjs.org/has-ansi/-/has-ansi-2.0.0.tgz",
			"integrity": "sha1-NPUEnOHs3ysGSa8+8k5F7TVBbZE=",
			"dev": true,
			"requires": {
				"ansi-regex": "^2.0.0"
			}
		},
		"inflight": {
			"version": "1.0.6",
			"resolved": "https://registry.npmjs.org/inflight/-/inflight-1.0.6.tgz",
			"integrity": "sha1-Sb1jMdfQLQwJvJEKEHW6gWW1bfk=",
			"dev": true,
			"requires": {
				"once": "^1.3.0",
				"wrappy": "1"
			}
		},
		"inherits": {
			"version": "2.0.4",
			"resolved": "https://registry.npmjs.org/inherits/-/inherits-2.0.4.tgz",
			"integrity": "sha512-k/vGaX4/Yla3WzyMCvTQOXYeIHvqOKtnqBduzTHpzpQZzAskKMhZ2K+EnBiSM9zGSoIFeMpXKxa4dYeZIQqewQ==",
			"dev": true
		},
		"json5": {
			"version": "1.0.1",
			"resolved": "https://registry.npmjs.org/json5/-/json5-1.0.1.tgz",
			"integrity": "sha512-aKS4WQjPenRxiQsC93MNfjx+nbF4PAdYzmd/1JIj8HYzqfbu86beTuNgXDzPknWk0n0uARlyewZo4s++ES36Ow==",
			"dev": true,
			"requires": {
				"minimist": "^1.2.0"
			}
		},
		"loader-utils": {
			"version": "1.4.0",
			"resolved": "https://registry.npmjs.org/loader-utils/-/loader-utils-1.4.0.tgz",
			"integrity": "sha512-qH0WSMBtn/oHuwjy/NucEgbx5dbxxnxup9s4PVXJUDHZBQY+s0NWA9rJf53RBnQZxfch7euUui7hpoAPvALZdA==",
			"dev": true,
			"requires": {
				"big.js": "^5.2.2",
				"emojis-list": "^3.0.0",
				"json5": "^1.0.1"
			}
		},
		"lodash": {
			"version": "4.17.15",
			"resolved": "https://registry.npmjs.org/lodash/-/lodash-4.17.15.tgz",
			"integrity": "sha512-8xOcRHvCjnocdS5cpwXQXVzmmh5e5+saE2QGoeQmbKmRS6J3VQppPOIt0MnmE+4xlZoumy0GPG0D0MVIQbNA1A==",
			"dev": true
		},
		"minimatch": {
			"version": "3.0.4",
			"resolved": "https://registry.npmjs.org/minimatch/-/minimatch-3.0.4.tgz",
			"integrity": "sha512-yJHVQEhyqPLUTgt9B83PXu6W3rx4MvvHvSUvToogpwoGDOUQ+yDrR0HRot+yOCdCO7u4hX3pWft6kWBBcqh0UA==",
			"dev": true,
			"requires": {
				"brace-expansion": "^1.1.7"
			}
		},
		"minimist": {
			"version": "1.2.5",
			"resolved": "https://registry.npmjs.org/minimist/-/minimist-1.2.5.tgz",
			"integrity": "sha512-FM9nNUYrRBAELZQT3xeZQ7fmMOBg6nWNmJKTcgsJeaLstP/UODVpGsr5OhXhhXg6f+qtJ8uiZ+PUxkDWcgIXLw==",
			"dev": true
		},
		"nuxt-sass-resources-loader": {
			"version": "2.0.5",
			"resolved": "https://registry.npmjs.org/nuxt-sass-resources-loader/-/nuxt-sass-resources-loader-2.0.5.tgz",
			"integrity": "sha512-IWZI7pQdQPtT1f0T/Y7IQlFrAPEdkxSjIRPxD/NA+ECQxij/CJ8UzWmTjQL9PwbaNdgbqrALoZaJpinqdeTLpg==",
			"dev": true,
			"requires": {
				"sass-resources-loader": "^1.3.1"
			}
		},
		"once": {
			"version": "1.4.0",
			"resolved": "https://registry.npmjs.org/once/-/once-1.4.0.tgz",
			"integrity": "sha1-WDsap3WWHUsROsF9nFC6753Xa9E=",
			"dev": true,
			"requires": {
				"wrappy": "1"
			}
		},
		"password-generator": {
			"version": "2.2.3",
			"resolved": "https://registry.npmjs.org/password-generator/-/password-generator-2.2.3.tgz",
			"integrity": "sha512-2GLs1K+6RNJW6vZR3w+iFjzxDDVFStcdL5dy1pHuDC9kzocLuQxLp7nRuyWxN6FUMya7fAFmkeOqq/uJ9PBdwg==",
			"requires": {
				"yargs-parser": "^16.0.0"
			}
		},
		"path-is-absolute": {
			"version": "1.0.1",
			"resolved": "https://registry.npmjs.org/path-is-absolute/-/path-is-absolute-1.0.1.tgz",
			"integrity": "sha1-F0uSaHNVNP+8es5r9TpanhtcX18=",
			"dev": true
		},
		"sass-resources-loader": {
			"version": "1.3.5",
			"resolved": "https://registry.npmjs.org/sass-resources-loader/-/sass-resources-loader-1.3.5.tgz",
			"integrity": "sha512-pCxaoRZxbKxDWhu5ZcsV7/apPYrL/z0F+25C29L4e8pajWM/4jM4hRXSRP4jEWTXo/kYIU9bEXKZZdGfjN90+Q==",
			"dev": true,
			"requires": {
				"async": "^2.1.4",
				"chalk": "^1.1.3",
				"glob": "^7.1.1",
				"loader-utils": "^1.0.4"
			}
		},
		"strip-ansi": {
			"version": "3.0.1",
			"resolved": "https://registry.npmjs.org/strip-ansi/-/strip-ansi-3.0.1.tgz",
			"integrity": "sha1-ajhfuIU9lS1f8F0Oiq+UJ43GPc8=",
			"dev": true,
			"requires": {
				"ansi-regex": "^2.0.0"
			}
		},
		"supports-color": {
			"version": "2.0.0",
			"resolved": "https://registry.npmjs.org/supports-color/-/supports-color-2.0.0.tgz",
			"integrity": "sha1-U10EXOa2Nj+kARcIRimZXp3zJMc=",
			"dev": true
		},
		"wrappy": {
			"version": "1.0.2",
			"resolved": "https://registry.npmjs.org/wrappy/-/wrappy-1.0.2.tgz",
			"integrity": "sha1-tSQ9jz7BqjXxNkYFvA0QNuMKtp8=",
			"dev": true
		},
		"yargs-parser": {
			"version": "16.1.0",
			"resolved": "https://registry.npmjs.org/yargs-parser/-/yargs-parser-16.1.0.tgz",
			"integrity": "sha512-H/V41UNZQPkUMIT5h5hiwg4QKIY1RPvoBV4XcjUbRM8Bk2oKqqyZ0DIEbTFZB0XjbtSPG8SAa/0DxCQmiRgzKg==",
			"requires": {
				"camelcase": "^5.0.0",
				"decamelize": "^1.2.0"
			}
		}
	}
}
