{
  "name": "platform",
  "version": "1.0.0",
  "lockfileVersion": 1,
  "requires": true,
  "dependencies": {
    "deepmerge": {
      "version": "4.1.1",
      "resolved": "https://registry.npmjs.org/deepmerge/-/deepmerge-4.1.1.tgz",
      "integrity": "sha512-+qO5WbNBKBaZez95TffdUDnGIo4+r5kmsX8aOb7PDHvXsTbghAmleuxjs6ytNaf5Eg4FGBXDS5vqO61TRi6BMg=="
    },
    "pluralize": {
      "version": "8.0.0",
      "resolved": "https://registry.npmjs.org/pluralize/-/pluralize-8.0.0.tgz",
      "integrity": "sha512-Nc3IT5yHzflTfbjgqWcCPpo7DaKy4FnpB0l/zCAW0Tc7jxAiuqSxHasntB3D7887LSrA93kDJ9IXovxJYxyLCA=="
    },
    "vue-meta": {
      "version": "2.3.1",
      "resolved": "https://registry.npmjs.org/vue-meta/-/vue-meta-2.3.1.tgz",
      "integrity": "sha512-hnZvDNvLh+PefJLfYkZhG6cSBNKikgQyiEK8lI/P2qscM1DC/qHHOfdACPQ/VDnlaWU9VlcobCTNyVtssTR4XQ==",
      "requires": {
        "deepmerge": "^4.0.0"
      }
    }
  }
}
